{
  "requires": true,
  "lockfileVersion": 1,
  "dependencies": {
    "@babel/helper-string-parser": {
      "version": "7.22.5",
      "resolved": "https://registry.npmjs.org/@babel/helper-string-parser/-/helper-string-parser-7.22.5.tgz",
      "integrity": "sha512-mM4COjgZox8U+JcXQwPijIZLElkgEpO5rsERVDJTc2qfCDfERyob6k5WegS14SX18IIjv+XD+GrqNumY5JRCDw==",
      "dev": true
    },
    "@babel/helper-validator-identifier": {
      "version": "7.22.20",
      "resolved": "https://registry.npmjs.org/@babel/helper-validator-identifier/-/helper-validator-identifier-7.22.20.tgz",
      "integrity": "sha512-Y4OZ+ytlatR8AI+8KZfKuL5urKp7qey08ha31L8b3BwewJAoJamTzyvxPR/5D+KkdJCGPq/+8TukHBlY10FX9A==",
      "dev": true
    },
    "@babel/parser": {
      "version": "7.23.0",
      "resolved": "https://registry.npmjs.org/@babel/parser/-/parser-7.23.0.tgz",
      "integrity": "sha512-vvPKKdMemU85V9WE/l5wZEmImpCtLqbnTvqDS2U1fJ96KrxoW7KrXhNsNCblQlg8Ck4b85yxdTyelsMUgFUXiw==",
      "dev": true
    },
    "@babel/types": {
      "version": "7.23.0",
      "resolved": "https://registry.npmjs.org/@babel/types/-/types-7.23.0.tgz",
      "integrity": "sha512-0oIyUfKoI3mSqMvsxBdclDwxXKXAUA8v/apZbc+iSyARYou1o8ZGDxbUYyLFoW2arqS2jDGqJuZvv1d/io1axg==",
      "dev": true,
      "requires": {
        "@babel/helper-string-parser": "^7.22.5",
        "@babel/helper-validator-identifier": "^7.22.20",
        "to-fast-properties": "^2.0.0"
      }
    },
    "@types/babel__code-frame": {
      "version": "7.0.5",
      "resolved": "https://registry.npmjs.org/@types/babel__code-frame/-/babel__code-frame-7.0.5.tgz",
      "integrity": "sha512-tE88HnYMl5iJAB1V9nJCrE1udmwGCoNvx2ayTa8nwkE3UMMRRljANO+sX8D321hIrqf1DlvhAPAo5G6DWaMQNg==",
      "dev": true
    },
    "@types/babel__core": {
      "version": "7.20.3",
      "resolved": "https://registry.npmjs.org/@types/babel__core/-/babel__core-7.20.3.tgz",
      "integrity": "sha512-54fjTSeSHwfan8AyHWrKbfBWiEUrNTZsUwPTDSNaaP1QDQIZbeNUg3a59E9D+375MzUw/x1vx2/0F5LBz+AeYA==",
      "dev": true,
      "requires": {
        "@babel/parser": "^7.20.7",
        "@babel/types": "^7.20.7",
        "@types/babel__generator": "*",
        "@types/babel__template": "*",
        "@types/babel__traverse": "*"
      }
    },
    "@types/babel__generator": {
      "version": "7.6.6",
      "resolved": "https://registry.npmjs.org/@types/babel__generator/-/babel__generator-7.6.6.tgz",
      "integrity": "sha512-66BXMKb/sUWbMdBNdMvajU7i/44RkrA3z/Yt1c7R5xejt8qh84iU54yUWCtm0QwGJlDcf/gg4zd/x4mpLAlb/w==",
      "dev": true,
      "requires": {
        "@babel/types": "^7.0.0"
      }
    },
    "@types/babel__template": {
      "version": "7.4.3",
      "resolved": "https://registry.npmjs.org/@types/babel__template/-/babel__template-7.4.3.tgz",
      "integrity": "sha512-ciwyCLeuRfxboZ4isgdNZi/tkt06m8Tw6uGbBSBgWrnnZGNXiEyM27xc/PjXGQLqlZ6ylbgHMnm7ccF9tCkOeQ==",
      "dev": true,
      "requires": {
        "@babel/parser": "^7.1.0",
        "@babel/types": "^7.0.0"
      }
    },
    "@types/babel__traverse": {
      "version": "7.20.3",
      "resolved": "https://registry.npmjs.org/@types/babel__traverse/-/babel__traverse-7.20.3.tgz",
      "integrity": "sha512-Lsh766rGEFbaxMIDH7Qa+Yha8cMVI3qAK6CHt3OR0YfxOIn5Z54iHiyDRycHrBqeIiqGa20Kpsv1cavfBKkRSw==",
      "dev": true,
      "requires": {
        "@babel/types": "^7.20.7"
      }
    },
    "@types/gensync": {
      "version": "1.0.2",
      "resolved": "https://registry.npmjs.org/@types/gensync/-/gensync-1.0.2.tgz",
      "integrity": "sha512-6FzAxO+odMlJm7ZZAdafsaluzH4pXCkj/rukH3whoJeaWQJILJ6i4Pn6fRuUDWIMu8MYOK7+Gn86jwr/8yGOhg==",
      "dev": true
    },
    "@types/node": {
      "version": "20.8.10",
      "resolved": "https://registry.npmjs.org/@types/node/-/node-20.8.10.tgz",
      "integrity": "sha512-TlgT8JntpcbmKUFzjhsyhGfP2fsiz1Mv56im6enJ905xG1DAYesxJaeSbGqQmAw8OWPdhyJGhGSQGKRNJ45u9w==",
      "dev": true,
      "requires": {
        "undici-types": "~5.26.4"
      }
    },
    "@types/prop-types": {
      "version": "15.7.11",
      "resolved": "https://registry.npmjs.org/@types/prop-types/-/prop-types-15.7.11.tgz",
      "integrity": "sha512-ga8y9v9uyeiLdpKddhxYQkxNDrfvuPrlFb0N1qnZZByvcElJaXthF1UhvCh9TLWJBEHeNtdnbysW7Y6Uq8CVng==",
      "dev": true
    },
    "@types/react": {
      "version": "18.2.41",
      "resolved": "https://registry.npmjs.org/@types/react/-/react-18.2.41.tgz",
      "integrity": "sha512-CwOGr/PiLiNBxEBqpJ7fO3kocP/2SSuC9fpH5K7tusrg4xPSRT/193rzolYwQnTN02We/ATXKnb6GqA5w4fRxw==",
      "dev": true,
      "requires": {
        "@types/prop-types": "*",
        "@types/scheduler": "*",
        "csstype": "^3.0.2"
      }
    },
    "@types/react-dom": {
      "version": "18.2.17",
      "resolved": "https://registry.npmjs.org/@types/react-dom/-/react-dom-18.2.17.tgz",
      "integrity": "sha512-rvrT/M7Df5eykWFxn6MYt5Pem/Dbyc1N8Y0S9Mrkw2WFCRiqUgw9P7ul2NpwsXCSM1DVdENzdG9J5SreqfAIWg==",
      "dev": true,
      "requires": {
        "@types/react": "*"
      }
    },
    "@types/scheduler": {
      "version": "0.16.8",
      "resolved": "https://registry.npmjs.org/@types/scheduler/-/scheduler-0.16.8.tgz",
      "integrity": "sha512-WZLiwShhwLRmeV6zH+GkbOFT6Z6VklCItrDioxUnv+u4Ll+8vKeFySoFyK/0ctcRpOmwAicELfmys1sDc/Rw+A==",
      "dev": true
    },
    "@types/semver": {
      "version": "7.5.4",
      "resolved": "https://registry.npmjs.org/@types/semver/-/semver-7.5.4.tgz",
      "integrity": "sha512-MMzuxN3GdFwskAnb6fz0orFvhfqi752yjaXylr0Rp4oDg5H0Zn1IuyRhDVvYOwAXoJirx2xuS16I3WjxnAIHiQ==",
      "dev": true
    },
    "csstype": {
      "version": "3.1.2",
      "resolved": "https://registry.npmjs.org/csstype/-/csstype-3.1.2.tgz",
      "integrity": "sha512-I7K1Uu0MBPzaFKg4nI5Q7Vs2t+3gWWW648spaF+Rg7pI9ds18Ugn+lvg4SHczUdKlHI5LWBXyqfS8+DufyBsgQ==",
      "dev": true
    },
    "to-fast-properties": {
      "version": "2.0.0",
      "resolved": "https://registry.npmjs.org/to-fast-properties/-/to-fast-properties-2.0.0.tgz",
      "integrity": "sha512-/OaKK0xYrs3DmxRYqL/yDc+FxFUVYhDlXMhRmv3z915w2HF1tnN1omB354j8VUGO/hbRzyD6Y3sA7v7GS/ceog==",
      "dev": true
    },
    "types-registry": {
      "version": "0.1.673",
      "resolved": "https://registry.npmjs.org/types-registry/-/types-registry-0.1.673.tgz",
      "integrity": "sha512-4rSIfxfrp3t/hYnCB79+R4xW6Xyq+oQJbRqBnPh+eSIg2w8jkQCrl4tM6VhxCAs+PuYuOWo6U1fWFGlLc/40zw=="
    },
    "undici-types": {
      "version": "5.26.5",
      "resolved": "https://registry.npmjs.org/undici-types/-/undici-types-5.26.5.tgz",
      "integrity": "sha512-JlCMO+ehdEIKqlFxk6IfVoAUVmgz7cU7zD/h9XZ0qzeosSHmUJVOzSQvvYSYWXkFXC+IfLKSIffhv0sVZup6pA==",
      "dev": true
    }
  }
}
